
Microsoft Visual Studio Solution File, Format Version 12.00
# Visual Studio Version 16
VisualStudioVersion = 16.0.29519.181
MinimumVisualStudioVersion = 10.0.40219.1
Project("{9A19103F-16F7-4668-BE54-9A1E7A4F7556}") = "BlazorDemo", "BlazorDemo.csproj", "{F4C686AB-F337-4889-9B37-4CEEE28DDD1A}"
EndProject
Global
	GlobalSection(SolutionConfigurationPlatforms) = preSolution
		Debug|Any CPU = Debug|Any CPU
		Release|Any CPU = Release|Any CPU
	EndGlobalSection
	GlobalSection(ProjectConfigurationPlatforms) = postSolution
		{F4C686AB-F337-4889-9B37-4CEEE28DDD1A}.Debug|Any CPU.ActiveCfg = Debug|Any CPU
		{F4C686AB-F337-4889-9B37-4CEEE28DDD1A}.Debug|Any CPU.Build.0 = Debug|Any CPU
		{F4C686AB-F337-4889-9B37-4CEEE28DDD1A}.Release|Any CPU.ActiveCfg = Release|Any CPU
		{F4C686AB-F337-4889-9B37-4CEEE28DDD1A}.Release|Any CPU.Build.0 = Release|Any CPU
	EndGlobalSection
	GlobalSection(SolutionProperties) = preSolution
		HideSolutionNode = FALSE
	EndGlobalSection
	GlobalSection(ExtensibilityGlobals) = postSolution
		SolutionGuid = {CDE6180D-8B91-4E2C-99A2-D18CD5E55504}
	EndGlobalSection
EndGlobal
